
Microsoft Visual Studio Solution File, Format Version 12.00
# Visual Studio 15
VisualStudioVersion = 15.0.28307.1259
MinimumVisualStudioVersion = 10.0.40219.1
Project("{9A19103F-16F7-4668-BE54-9A1E7A4F7556}") = "DatingApp.api", "DatingApp.api.csproj", "{6F1DA93A-AD6D-4819-B063-8268375792FC}"
EndProject
Global
	GlobalSection(SolutionConfigurationPlatforms) = preSolution
		Debug|Any CPU = Debug|Any CPU
		Release|Any CPU = Release|Any CPU
	EndGlobalSection
	GlobalSection(ProjectConfigurationPlatforms) = postSolution
		{6F1DA93A-AD6D-4819-B063-8268375792FC}.Debug|Any CPU.ActiveCfg = Debug|Any CPU
		{6F1DA93A-AD6D-4819-B063-8268375792FC}.Debug|Any CPU.Build.0 = Debug|Any CPU
		{6F1DA93A-AD6D-4819-B063-8268375792FC}.Release|Any CPU.ActiveCfg = Release|Any CPU
		{6F1DA93A-AD6D-4819-B063-8268375792FC}.Release|Any CPU.Build.0 = Release|Any CPU
	EndGlobalSection
	GlobalSection(SolutionProperties) = preSolution
		HideSolutionNode = FALSE
	EndGlobalSection
	GlobalSection(ExtensibilityGlobals) = postSolution
		SolutionGuid = {5BD40373-F57E-4916-B205-1C2554C5ABF5}
	EndGlobalSection
EndGlobal
